<?xml version="1.0" encoding="utf-8"?>
<Project ToolsVersion="4.0" xmlns="http://schemas.microsoft.com/developer/msbuild/2003">
  <ItemGroup>
    <Filter Include="소스 파일">
      <UniqueIdentifier>{4FC737F1-C7A5-4376-A066-2A32D752A2FF}</UniqueIdentifier>
      <Extensions>cpp;c;cc;cxx;c++;cppm;ixx;def;odl;idl;hpj;bat;asm;asmx</Extensions>
    </Filter>
    <Filter Include="헤더 파일">
      <UniqueIdentifier>{93995380-89BD-4b04-88EB-625FBE52EBFB}</UniqueIdentifier>
      <Extensions>h;hh;hpp;hxx;h++;hm;inl;inc;ipp;xsd</Extensions>
    </Filter>
    <Filter Include="리소스 파일">
      <UniqueIdentifier>{67DA6AB6-F800-4c08-8B7A-83BB121AAD01}</UniqueIdentifier>
      <Extensions>rc;ico;cur;bmp;dlg;rc2;rct;bin;rgs;gif;jpg;jpeg;jpe;resx;tiff;tif;png;wav;mfcribbon-ms</Extensions>
    </Filter>
  </ItemGroup>
  <ItemGroup>
    <ClCompile Include="boj 17608.cpp">
      <Filter>소스 파일</Filter>
    </ClCompile>
    <ClCompile Include="study1.cpp">
      <Filter>소스 파일</Filter>
    </ClCompile>
    <ClCompile Include="boj 10845.cpp">
      <Filter>소스 파일</Filter>
    </ClCompile>
    <ClCompile Include="boj1991 클래스로 짜려다가 실패.cpp">
      <Filter>소스 파일</Filter>
    </ClCompile>
    <ClCompile Include="소스1.cpp">
      <Filter>소스 파일</Filter>
    </ClCompile>
    <ClCompile Include="boj1927.cpp">
      <Filter>소스 파일</Filter>
    </ClCompile>
    <ClCompile Include="boj11659.cpp">
      <Filter>소스 파일</Filter>
    </ClCompile>
    <ClCompile Include="boj11659 시간초과.cpp">
      <Filter>소스 파일</Filter>
    </ClCompile>
    <ClCompile Include="boj2167.cpp">
      <Filter>소스 파일</Filter>
    </ClCompile>
    <ClCompile Include="RRT.cpp">
      <Filter>소스 파일</Filter>
    </ClCompile>
    <ClCompile Include="Prefix Sum.cpp">
      <Filter>소스 파일</Filter>
    </ClCompile>
    <ClCompile Include="vector 2차원.cpp">
      <Filter>소스 파일</Filter>
    </ClCompile>
    <ClCompile Include="프로그래머스 윈터코딩 1번.cpp">
      <Filter>소스 파일</Filter>
    </ClCompile>
    <ClCompile Include="boj 24499 틀린코드.cpp">
      <Filter>소스 파일</Filter>
    </ClCompile>
    <ClCompile Include="boj 24499.cpp">
      <Filter>소스 파일</Filter>
    </ClCompile>
    <ClCompile Include="boj 2346.cpp">
      <Filter>소스 파일</Filter>
    </ClCompile>
    <ClCompile Include="maze.c">
      <Filter>소스 파일</Filter>
    </ClCompile>
    <ClCompile Include="array_stack.cpp">
      <Filter>소스 파일</Filter>
    </ClCompile>
    <ClCompile Include="randomMaze.cpp">
      <Filter>소스 파일</Filter>
    </ClCompile>
    <ClCompile Include="roundQueue.cpp">
      <Filter>소스 파일</Filter>
    </ClCompile>
    <ClCompile Include="list.cpp">
      <Filter>소스 파일</Filter>
    </ClCompile>
    <ClCompile Include="linkedList.cpp">
      <Filter>소스 파일</Filter>
    </ClCompile>
    <ClCompile Include="posfix.cpp">
      <Filter>소스 파일</Filter>
    </ClCompile>
    <ClCompile Include="linkedList2.cpp">
      <Filter>소스 파일</Filter>
    </ClCompile>
    <ClCompile Include="stack1.cpp">
      <Filter>소스 파일</Filter>
    </ClCompile>
    <ClCompile Include="stack2.cpp">
      <Filter>소스 파일</Filter>
    </ClCompile>
    <ClCompile Include="polynomial.cpp">
      <Filter>소스 파일</Filter>
    </ClCompile>
    <ClCompile Include="LinkedList ch7.cpp">
      <Filter>소스 파일</Filter>
    </ClCompile>
    <ClCompile Include="linkedStack.cpp">
      <Filter>소스 파일</Filter>
    </ClCompile>
    <ClCompile Include="roundLinkedList.cpp">
      <Filter>소스 파일</Filter>
    </ClCompile>
    <ClCompile Include="binaryTree.cpp">
      <Filter>소스 파일</Filter>
    </ClCompile>
    <ClCompile Include="소스.cpp">
      <Filter>소스 파일</Filter>
    </ClCompile>
    <ClCompile Include="소스2.cpp">
      <Filter>소스 파일</Filter>
    </ClCompile>
    <ClCompile Include="소스3.cpp">
      <Filter>소스 파일</Filter>
    </ClCompile>
    <ClCompile Include="소스4.cpp">
      <Filter>소스 파일</Filter>
    </ClCompile>
    <ClCompile Include="maxHeap.cpp">
      <Filter>소스 파일</Filter>
    </ClCompile>
    <ClCompile Include="소스5.cpp">
      <Filter>소스 파일</Filter>
    </ClCompile>
    <ClCompile Include="소스6.cpp">
      <Filter>소스 파일</Filter>
    </ClCompile>
    <ClCompile Include="소스7.cpp">
      <Filter>소스 파일</Filter>
    </ClCompile>
    <ClCompile Include="소스8.cpp">
      <Filter>소스 파일</Filter>
    </ClCompile>
    <ClCompile Include="소스9.cpp">
      <Filter>소스 파일</Filter>
    </ClCompile>
    <ClCompile Include="adj_mat.cpp">
      <Filter>소스 파일</Filter>
    </ClCompile>
    <ClCompile Include="소스10.cpp">
      <Filter>소스 파일</Filter>
    </ClCompile>
  </ItemGroup>
</Project>